
Microsoft Visual Studio Solution File, Format Version 12.00
# Visual Studio 14
VisualStudioVersion = 14.0.23107.0
MinimumVisualStudioVersion = 10.0.40219.1
Project("{FAE04EC0-301F-11D3-BF4B-00C04F79EFBC}") = "Lab01_151524010_FerdhikaYudira", "Lab01_151524010_FerdhikaYudira\Lab01_151524010_FerdhikaYudira.csproj", "{5DD0222B-F577-4D58-B07C-41517B17B19C}"
EndProject
Global
	GlobalSection(SolutionConfigurationPlatforms) = preSolution
		Debug|Any CPU = Debug|Any CPU
		Release|Any CPU = Release|Any CPU
	EndGlobalSection
	GlobalSection(ProjectConfigurationPlatforms) = postSolution
		{5DD0222B-F577-4D58-B07C-41517B17B19C}.Debug|Any CPU.ActiveCfg = Debug|Any CPU
		{5DD0222B-F577-4D58-B07C-41517B17B19C}.Debug|Any CPU.Build.0 = Debug|Any CPU
		{5DD0222B-F577-4D58-B07C-41517B17B19C}.Release|Any CPU.ActiveCfg = Release|Any CPU
		{5DD0222B-F577-4D58-B07C-41517B17B19C}.Release|Any CPU.Build.0 = Release|Any CPU
	EndGlobalSection
	GlobalSection(SolutionProperties) = preSolution
		HideSolutionNode = FALSE
	EndGlobalSection
EndGlobal
